
Microsoft Visual Studio Solution File, Format Version 12.00
# Visual Studio Version 17
VisualStudioVersion = 17.0.31903.59
MinimumVisualStudioVersion = 10.0.40219.1
Project("{FAE04EC0-301F-11D3-BF4B-00C04F79EFBC}") = "KomodoCafe.Console", "KomodoCafe_Console\KomodoCafe.Console.csproj", "{ABC6F7A5-F063-40B3-8D0C-9F24F69B7FA6}"
EndProject
Project("{FAE04EC0-301F-11D3-BF4B-00C04F79EFBC}") = "KomodoCafe.Repository", "KomodoCafe_Repository\KomodoCafe.Repository.csproj", "{B5359B13-DFFA-4783-B6CF-2E0550018718}"
EndProject
Global
	GlobalSection(SolutionConfigurationPlatforms) = preSolution
		Debug|Any CPU = Debug|Any CPU
		Release|Any CPU = Release|Any CPU
	EndGlobalSection
	GlobalSection(SolutionProperties) = preSolution
		HideSolutionNode = FALSE
	EndGlobalSection
	GlobalSection(ProjectConfigurationPlatforms) = postSolution
		{ABC6F7A5-F063-40B3-8D0C-9F24F69B7FA6}.Debug|Any CPU.ActiveCfg = Debug|Any CPU
		{ABC6F7A5-F063-40B3-8D0C-9F24F69B7FA6}.Debug|Any CPU.Build.0 = Debug|Any CPU
		{ABC6F7A5-F063-40B3-8D0C-9F24F69B7FA6}.Release|Any CPU.ActiveCfg = Release|Any CPU
		{ABC6F7A5-F063-40B3-8D0C-9F24F69B7FA6}.Release|Any CPU.Build.0 = Release|Any CPU
		{B5359B13-DFFA-4783-B6CF-2E0550018718}.Debug|Any CPU.ActiveCfg = Debug|Any CPU
		{B5359B13-DFFA-4783-B6CF-2E0550018718}.Debug|Any CPU.Build.0 = Debug|Any CPU
		{B5359B13-DFFA-4783-B6CF-2E0550018718}.Release|Any CPU.ActiveCfg = Release|Any CPU
		{B5359B13-DFFA-4783-B6CF-2E0550018718}.Release|Any CPU.Build.0 = Release|Any CPU
	EndGlobalSection
EndGlobal
